
Microsoft Visual Studio Solution File, Format Version 12.00
# Visual Studio 15
VisualStudioVersion = 15.0.28010.2036
MinimumVisualStudioVersion = 10.0.40219.1
Project("{FAE04EC0-301F-11D3-BF4B-00C04F79EFBC}") = "Laba1_v2", "Laba1_v2\Laba1_v2.csproj", "{94998185-3626-41C6-8B01-3BF892A9037C}"
EndProject
Global
	GlobalSection(SolutionConfigurationPlatforms) = preSolution
		Debug|Any CPU = Debug|Any CPU
		Release|Any CPU = Release|Any CPU
	EndGlobalSection
	GlobalSection(ProjectConfigurationPlatforms) = postSolution
		{94998185-3626-41C6-8B01-3BF892A9037C}.Debug|Any CPU.ActiveCfg = Debug|Any CPU
		{94998185-3626-41C6-8B01-3BF892A9037C}.Debug|Any CPU.Build.0 = Debug|Any CPU
		{94998185-3626-41C6-8B01-3BF892A9037C}.Release|Any CPU.ActiveCfg = Release|Any CPU
		{94998185-3626-41C6-8B01-3BF892A9037C}.Release|Any CPU.Build.0 = Release|Any CPU
	EndGlobalSection
	GlobalSection(SolutionProperties) = preSolution
		HideSolutionNode = FALSE
	EndGlobalSection
	GlobalSection(ExtensibilityGlobals) = postSolution
		SolutionGuid = {68F1BF14-E2A1-41B6-985C-7F25CACA413B}
	EndGlobalSection
EndGlobal
